
Microsoft Visual Studio Solution File, Format Version 12.00
# Visual Studio Version 17
VisualStudioVersion = 17.1.32328.378
MinimumVisualStudioVersion = 10.0.40219.1
Project("{8BC9CEB8-8B4A-11D0-8D11-00A0C91BC942}") = "TicTacToe", "TicTacToe\TicTacToe.vcxproj", "{B6460DD6-C860-4D95-B6F6-81AB98CAC7F6}"
EndProject
Global
	GlobalSection(SolutionConfigurationPlatforms) = preSolution
		Debug|x64 = Debug|x64
		Debug|x86 = Debug|x86
		Release|x64 = Release|x64
		Release|x86 = Release|x86
	EndGlobalSection
	GlobalSection(ProjectConfigurationPlatforms) = postSolution
		{B6460DD6-C860-4D95-B6F6-81AB98CAC7F6}.Debug|x64.ActiveCfg = Debug|x64
		{B6460DD6-C860-4D95-B6F6-81AB98CAC7F6}.Debug|x64.Build.0 = Debug|x64
		{B6460DD6-C860-4D95-B6F6-81AB98CAC7F6}.Debug|x86.ActiveCfg = Debug|Win32
		{B6460DD6-C860-4D95-B6F6-81AB98CAC7F6}.Debug|x86.Build.0 = Debug|Win32
		{B6460DD6-C860-4D95-B6F6-81AB98CAC7F6}.Release|x64.ActiveCfg = Release|x64
		{B6460DD6-C860-4D95-B6F6-81AB98CAC7F6}.Release|x64.Build.0 = Release|x64
		{B6460DD6-C860-4D95-B6F6-81AB98CAC7F6}.Release|x86.ActiveCfg = Release|Win32
		{B6460DD6-C860-4D95-B6F6-81AB98CAC7F6}.Release|x86.Build.0 = Release|Win32
	EndGlobalSection
	GlobalSection(SolutionProperties) = preSolution
		HideSolutionNode = FALSE
	EndGlobalSection
	GlobalSection(ExtensibilityGlobals) = postSolution
		SolutionGuid = {36AF7122-94B0-4860-A706-2AC71ACFE04B}
	EndGlobalSection
EndGlobal
